{
  "name": "PFD CODE",
  "lockfileVersion": 3,
  "requires": true,
  "packages": {
    "": {
      "dependencies": {
        "@mediapipe/tasks-vision": "^0.10.9"
      }
    },
    "node_modules/@mediapipe/tasks-vision": {
      "version": "0.10.9",
      "resolved": "https://registry.npmjs.org/@mediapipe/tasks-vision/-/tasks-vision-0.10.9.tgz",
      "integrity": "sha512-/gFguyJm1ng4Qr7VVH2vKO+zZcQd8wc3YafUfvBuYFX0Y5+CvrV+VNPEVkl5W/gUZF5KNKNZAiaHPULGPCIjyQ=="
    }
  }
}
